Microsoft Visual Studio Solution File, Format Version 12.00
# Visual Studio 15
VisualStudioVersion = 15.0.26403.7
MinimumVisualStudioVersion = 15.0.26124.0
Project("{2150E333-8FDC-42A3-9474-1A3956D46DE8}") = "src", "src", "{106D6E10-B4AE-4579-B16B-BA2FE9450890}"
EndProject
Project("{FAE04EC0-301F-11D3-BF4B-00C04F79EFBC}") = "Avanti.WarehouseTwoPrinterService", "src\Avanti.WarehouseTwoPrinterService\Avanti.WarehouseTwoPrinterService.csproj", "{6D2B1923-18BC-4DC8-AE1C-13D8E5329BC6}"
EndProject
Project("{2150E333-8FDC-42A3-9474-1A3956D46DE8}") = "test", "test", "{0E69F5A6-A15E-4958-9326-A403EE9E2914}"
EndProject
Project("{FAE04EC0-301F-11D3-BF4B-00C04F79EFBC}") = "Avanti.WarehouseTwoPrinterServiceTests", "test\Avanti.WarehouseTwoPrinterServiceTests\Avanti.WarehouseTwoPrinterServiceTests.csproj", "{910E26C9-607A-408F-8333-F1F4C8ECA3C5}"
EndProject
Global
	GlobalSection(SolutionConfigurationPlatforms) = preSolution
		Debug|Any CPU = Debug|Any CPU
		Debug|x64 = Debug|x64
		Debug|x86 = Debug|x86
		Release|Any CPU = Release|Any CPU
		Release|x64 = Release|x64
		Release|x86 = Release|x86
	EndGlobalSection
	GlobalSection(ProjectConfigurationPlatforms) = postSolution
		{6D2B1923-18BC-4DC8-AE1C-13D8E5329BC6}.Debug|Any CPU.ActiveCfg = Debug|Any CPU
		{6D2B1923-18BC-4DC8-AE1C-13D8E5329BC6}.Debug|Any CPU.Build.0 = Debug|Any CPU
		{6D2B1923-18BC-4DC8-AE1C-13D8E5329BC6}.Debug|x64.ActiveCfg = Debug|Any CPU
		{6D2B1923-18BC-4DC8-AE1C-13D8E5329BC6}.Debug|x64.Build.0 = Debug|Any CPU
		{6D2B1923-18BC-4DC8-AE1C-13D8E5329BC6}.Debug|x86.ActiveCfg = Debug|Any CPU
		{6D2B1923-18BC-4DC8-AE1C-13D8E5329BC6}.Debug|x86.Build.0 = Debug|Any CPU
		{6D2B1923-18BC-4DC8-AE1C-13D8E5329BC6}.Release|Any CPU.ActiveCfg = Release|Any CPU
		{6D2B1923-18BC-4DC8-AE1C-13D8E5329BC6}.Release|Any CPU.Build.0 = Release|Any CPU
		{6D2B1923-18BC-4DC8-AE1C-13D8E5329BC6}.Release|x64.ActiveCfg = Release|Any CPU
		{6D2B1923-18BC-4DC8-AE1C-13D8E5329BC6}.Release|x64.Build.0 = Release|Any CPU
		{6D2B1923-18BC-4DC8-AE1C-13D8E5329BC6}.Release|x86.ActiveCfg = Release|Any CPU
		{6D2B1923-18BC-4DC8-AE1C-13D8E5329BC6}.Release|x86.Build.0 = Release|Any CPU
		{910E26C9-607A-408F-8333-F1F4C8ECA3C5}.Debug|Any CPU.ActiveCfg = Debug|Any CPU
		{910E26C9-607A-408F-8333-F1F4C8ECA3C5}.Debug|Any CPU.Build.0 = Debug|Any CPU
		{910E26C9-607A-408F-8333-F1F4C8ECA3C5}.Debug|x64.ActiveCfg = Debug|Any CPU
		{910E26C9-607A-408F-8333-F1F4C8ECA3C5}.Debug|x64.Build.0 = Debug|Any CPU
		{910E26C9-607A-408F-8333-F1F4C8ECA3C5}.Debug|x86.ActiveCfg = Debug|Any CPU
		{910E26C9-607A-408F-8333-F1F4C8ECA3C5}.Debug|x86.Build.0 = Debug|Any CPU
		{910E26C9-607A-408F-8333-F1F4C8ECA3C5}.Release|Any CPU.ActiveCfg = Release|Any CPU
		{910E26C9-607A-408F-8333-F1F4C8ECA3C5}.Release|Any CPU.Build.0 = Release|Any CPU
		{910E26C9-607A-408F-8333-F1F4C8ECA3C5}.Release|x64.ActiveCfg = Release|Any CPU
		{910E26C9-607A-408F-8333-F1F4C8ECA3C5}.Release|x64.Build.0 = Release|Any CPU
		{910E26C9-607A-408F-8333-F1F4C8ECA3C5}.Release|x86.ActiveCfg = Release|Any CPU
		{910E26C9-607A-408F-8333-F1F4C8ECA3C5}.Release|x86.Build.0 = Release|Any CPU
	EndGlobalSection
	GlobalSection(SolutionProperties) = preSolution
		HideSolutionNode = FALSE
	EndGlobalSection
	GlobalSection(NestedProjects) = preSolution
		{6D2B1923-18BC-4DC8-AE1C-13D8E5329BC6} = {106D6E10-B4AE-4579-B16B-BA2FE9450890}
		{910E26C9-607A-408F-8333-F1F4C8ECA3C5} = {0E69F5A6-A15E-4958-9326-A403EE9E2914}
	EndGlobalSection
EndGlobal
